Microsoft Visual Studio Solution File, Format Version 12.00
# Visual Studio Version 17
VisualStudioVersion = 17.5.2.0
MinimumVisualStudioVersion = 10.0.40219.1
Project("{FAE04EC0-301F-11D3-BF4B-00C04F79EFBC}") = "NikkiAPI", "NikkiAPI.csproj", "{3642D7B4-7A79-56F7-C84C-5903F103B24B}"
EndProject
Global
	GlobalSection(SolutionConfigurationPlatforms) = preSolution
		Debug|Any CPU = Debug|Any CPU
		Release|Any CPU = Release|Any CPU
	EndGlobalSection
	GlobalSection(ProjectConfigurationPlatforms) = postSolution
		{3642D7B4-7A79-56F7-C84C-5903F103B24B}.Debug|Any CPU.ActiveCfg = Debug|Any CPU
		{3642D7B4-7A79-56F7-C84C-5903F103B24B}.Debug|Any CPU.Build.0 = Debug|Any CPU
		{3642D7B4-7A79-56F7-C84C-5903F103B24B}.Release|Any CPU.ActiveCfg = Release|Any CPU
		{3642D7B4-7A79-56F7-C84C-5903F103B24B}.Release|Any CPU.Build.0 = Release|Any CPU
	EndGlobalSection
	GlobalSection(SolutionProperties) = preSolution
		HideSolutionNode = FALSE
	EndGlobalSection
	GlobalSection(ExtensibilityGlobals) = postSolution
		SolutionGuid = {E4746F88-0779-42DC-94C9-E660AFF7412E}
	EndGlobalSection
EndGlobal
